github.com/hashicorp/errwrap v0.0.0-20141028054710-7554cd9344ce h1:prjrVgOk2Yg6w+PflHoszQNLTUh4kaByUcEWM/9uin4=
github.com/hashicorp/errwrap v0.0.0-20141028054710-7554cd9344ce/go.mod h1:YH+1FKiLXxHSkmPseP+kNlulaMuP3n2brvKWEqk/Jc4=
github.com/hashicorp/go-multierror v0.0.0-20150916205742-d30f09973e19 h1:gb61U/o4ZJ6TRYvZqJUKYidIhJOEAvNyVMesryROxAY=
github.com/hashicorp/go-multierror v0.0.0-20150916205742-d30f09973e19/go.mod h1:JMRHfdO9jKNzS/+BTlxCjKNQHg/jZAft8U7LloJvN7I=
github.com/hashicorp/go-version v0.0.0-20160214002439-2e7f5ea8e27b h1:j5hhoMJXMZPck42/fNTe6EWsKmkgr8bZyCIGZKUoW2o=
github.com/hashicorp/go-version v0.0.0-20160214002439-2e7f5ea8e27b/go.mod h1:fltr4n8CU8Ke44wwGCBoEymUuxUHl09ZGVZPK5anwXA=
github.com/hashicorp/yamux v0.0.0-20160420054621-c8a8a076e085 h1:SKibAs5IRt+2SL+EFRveXKXCHMCgJTJb96I/7uixKpE=
github.com/hashicorp/yamux v0.0.0-20160420054621-c8a8a076e085/go.mod h1:+NfK9FKeTrX5uv1uIXGdwYDTeHna2qgaIlx54MXqjAM=
github.com/mitchellh/go-fs v0.0.0-20150611040906-a34c1b9334e8 h1:UCZ0aWSjQ9BAqutuze9boB7V75PRtZrBdNQ2FNgr3cg=
github.com/mitchellh/go-fs v0.0.0-20150611040906-a34c1b9334e8/go.mod h1:g7SZj7ABpStq3tM4zqHiVEG5un/DZ1+qJJKO7qx1EvU=
github.com/mitchellh/iochan v0.0.0-20150529224432-87b45ffd0e95 h1:aHWVygBsLb+Kls/35B3tevL1hvDxZ0UklPA0BmhqTEk=
github.com/mitchellh/iochan v0.0.0-20150529224432-87b45ffd0e95/go.mod h1:JwYml1nuB7xOzsp52dPpHFffvOCDupsG0QubkSMEySY=
github.com/mitchellh/mapstructure v0.0.0-20160212031839-d2dd02622084 h1:Z2EJ6SUYrzx6J/YH/ltZthkUQTB/5+Ykpkew6y9DGJE=
github.com/mitchellh/mapstructure v0.0.0-20160212031839-d2dd02622084/go.mod h1:FVVH3fgwuzCH5S8UJGiWEs2h04kUh9fWfEaFds41c1Y=
github.com/mitchellh/multistep v0.0.0-20140407010115-162146fc5711 h1:wYK+RW7LV1GJQf1XzS7gL8zVBa+3C963Dsy2Hduzse0=
github.com/mitchellh/multistep v0.0.0-20140407010115-162146fc5711/go.mod h1:tZVWRY9V2OVYseuyNEjh0rb7qkeCMl+kRSGLqUEhFNg=
github.com/mitchellh/packer v0.10.1 h1:8k3Q4+pI+U7ucrwuWQ1AIPnKSz3UUkMtlmMLyo3sVpY=
github.com/mitchellh/packer v0.10.1/go.mod h1:3TnGTkplC/koV8K6bCfCN1NB34Tye7lmUzo55/X5wqw=
github.com/mitchellh/reflectwalk v0.0.0-20150527153153-eecf4c70c626 h1:88u9H4mNODBcQUwlNpl6+jBhdoYT3WSi0w4hpYaYZ/o=
github.com/mitchellh/reflectwalk v0.0.0-20150527153153-eecf4c70c626/go.mod h1:mSTlrgnPZtwu0c4WaC2kGObEpuNDbx0jmZXqmk4esnw=
github.com/ugorji/go v0.0.0-20160328060740-a396ed22fc04 h1:eE+Se4ffRJ16+igSBQWAYUXrIL9WBJ47bE/4uMxW9lA=
github.com/ugorji/go v0.0.0-20160328060740-a396ed22fc04/go.mod h1:hnLbHMwcvSihnDhEfx2/BzKp2xb0Y+ErdfYcrs9tkJQ=
golang.org/x/crypto v0.0.0-20160426145109-285fb2ed20d1 h1:a+QVj5NLv8gEU4yACnPVGw3UsXGBevUeq/3iAP7yVzk=
golang.org/x/crypto v0.0.0-20160426145109-285fb2ed20d1/go.mod h1:6SG95UA2DQfeDnfUPMdvaQW0Q7yPrPDi9nlGo2tz2b4=
